
Microsoft Visual Studio Solution File, Format Version 12.00
# Visual Studio Version 17
VisualStudioVersion = 17.9.34607.119
MinimumVisualStudioVersion = 10.0.40219.1
Project("{FAE04EC0-301F-11D3-BF4B-00C04F79EFBC}") = "ProyectoBase", "ProyectoBase\ProyectoBase.csproj", "{CC91F85A-F67E-4335-8ECE-25FE810E3F24}"
EndProject
Global
	GlobalSection(SolutionConfigurationPlatforms) = preSolution
		Debug|Any CPU = Debug|Any CPU
		Release|Any CPU = Release|Any CPU
	EndGlobalSection
	GlobalSection(ProjectConfigurationPlatforms) = postSolution
		{CC91F85A-F67E-4335-8ECE-25FE810E3F24}.Debug|Any CPU.ActiveCfg = Debug|Any CPU
		{CC91F85A-F67E-4335-8ECE-25FE810E3F24}.Debug|Any CPU.Build.0 = Debug|Any CPU
		{CC91F85A-F67E-4335-8ECE-25FE810E3F24}.Release|Any CPU.ActiveCfg = Release|Any CPU
		{CC91F85A-F67E-4335-8ECE-25FE810E3F24}.Release|Any CPU.Build.0 = Release|Any CPU
	EndGlobalSection
	GlobalSection(SolutionProperties) = preSolution
		HideSolutionNode = FALSE
	EndGlobalSection
	GlobalSection(ExtensibilityGlobals) = postSolution
		SolutionGuid = {1BBBF4CF-BBC8-486F-A31A-DC97D3187CCF}
	EndGlobalSection
EndGlobal
